// !$*UTF8*$!
{
	archiveVersion = 1;
	classes = {
	};
	objectVersion = 48;
	objects = {

/* Begin PBXBuildFile section */
		B346ECC8200979D7007636AA /* DataService.swift in Sources */ = {isa = PBXBuildFile; fileRef = B346ECC7200979D7007636AA /* DataService.swift */; };
		B35017732000A1E1007DADEA /* AppDelegate.swift in Sources */ = {isa = PBXBuildFile; fileRef = B35017722000A1E1007DADEA /* AppDelegate.swift */; };
		B35017752000A1E1007DADEA /* SignInVC.swift in Sources */ = {isa = PBXBuildFile; fileRef = B35017742000A1E1007DADEA /* SignInVC.swift */; };
		B35017782000A1E1007DADEA /* Main.storyboard in Resources */ = {isa = PBXBuildFile; fileRef = B35017762000A1E1007DADEA /* Main.storyboard */; };
		B350177A2000A1E1007DADEA /* Assets.xcassets in Resources */ = {isa = PBXBuildFile; fileRef = B35017792000A1E1007DADEA /* Assets.xcassets */; };
		B350177D2000A1E1007DADEA /* LaunchScreen.storyboard in Resources */ = {isa = PBXBuildFile; fileRef = B350177B2000A1E1007DADEA /* LaunchScreen.storyboard */; };
		B35017882000A279007DADEA /* GoogleService-Info.plist in Resources */ = {isa = PBXBuildFile; fileRef = B35017872000A279007DADEA /* GoogleService-Info.plist */; };
		B388C3F820073C4700B4B825 /* FeedVC.swift in Sources */ = {isa = PBXBuildFile; fileRef = B388C3F720073C4700B4B825 /* FeedVC.swift */; };
		B390473F20087C170026316F /* CircleView.swift in Sources */ = {isa = PBXBuildFile; fileRef = B390473E20087C170026316F /* CircleView.swift */; };
		B3904741200888700026316F /* PostCell.swift in Sources */ = {isa = PBXBuildFile; fileRef = B3904740200888700026316F /* PostCell.swift */; };
		B3DD14FD2002BF4E00989E16 /* CustomView.swift in Sources */ = {isa = PBXBuildFile; fileRef = B3DD14FC2002BF4E00989E16 /* CustomView.swift */; };
		B3DD15002002BFF400989E16 /* Constants.swift in Sources */ = {isa = PBXBuildFile; fileRef = B3DD14FF2002BFF400989E16 /* Constants.swift */; };
		B3DD15022002C28D00989E16 /* RoundBtn.swift in Sources */ = {isa = PBXBuildFile; fileRef = B3DD15012002C28D00989E16 /* RoundBtn.swift */; };
		B3DD15042002C44000989E16 /* CustomText.swift in Sources */ = {isa = PBXBuildFile; fileRef = B3DD15032002C44000989E16 /* CustomText.swift */; };
		B3DD15062002C54700989E16 /* CustomBtn.swift in Sources */ = {isa = PBXBuildFile; fileRef = B3DD15052002C54700989E16 /* CustomBtn.swift */; };
		E6995A7F307FFD69868809DE /* Pods_RK_Social.framework in Frameworks */ = {isa = PBXBuildFile; fileRef = E4D20516ABB35065640DD4F9 /* Pods_RK_Social.framework */; };
/* End PBXBuildFile section */

/* Begin PBXFileReference section */
		0D8F9AF994C0ADB09B8DE617 /* Pods-RK Social.release.xcconfig */ = {isa = PBXFileReference; includeInIndex = 1; lastKnownFileType = text.xcconfig; name = "Pods-RK Social.release.xcconfig"; path = "Pods/Target Support Files/Pods-RK Social/Pods-RK Social.release.xcconfig"; sourceTree = "<group>"; };
		976273098852E8D6760D73E9 /* Pods-RK Social.debug.xcconfig */ = {isa = PBXFileReference; includeInIndex = 1; lastKnownFileType = text.xcconfig; name = "Pods-RK Social.debug.xcconfig"; path = "Pods/Target Support Files/Pods-RK Social/Pods-RK Social.debug.xcconfig"; sourceTree = "<group>"; };
		B346ECC7200979D7007636AA /* DataService.swift */ = {isa = PBXFileReference; lastKnownFileType = sourcecode.swift; path = DataService.swift; sourceTree = "<group>"; };
		B350176F2000A1E1007DADEA /* RK Social.app */ = {isa = PBXFileReference; explicitFileType = wrapper.application; includeInIndex = 0; path = "RK Social.app"; sourceTree = BUILT_PRODUCTS_DIR; };
		B35017722000A1E1007DADEA /* AppDelegate.swift */ = {isa = PBXFileReference; lastKnownFileType = sourcecode.swift; path = AppDelegate.swift; sourceTree = "<group>"; };
		B35017742000A1E1007DADEA /* SignInVC.swift */ = {isa = PBXFileReference; lastKnownFileType = sourcecode.swift; path = SignInVC.swift; sourceTree = "<group>"; };
		B35017772000A1E1007DADEA /* Base */ = {isa = PBXFileReference; lastKnownFileType = file.storyboard; name = Base; path = Base.lproj/Main.storyboard; sourceTree = "<group>"; };
		B35017792000A1E1007DADEA /* Assets.xcassets */ = {isa = PBXFileReference; lastKnownFileType = folder.assetcatalog; path = Assets.xcassets; sourceTree = "<group>"; };
		B350177C2000A1E1007DADEA /* Base */ = {isa = PBXFileReference; lastKnownFileType = file.storyboard; name = Base; path = Base.lproj/LaunchScreen.storyboard; sourceTree = "<group>"; };
		B350177E2000A1E1007DADEA /* Info.plist */ = {isa = PBXFileReference; lastKnownFileType = text.plist.xml; path = Info.plist; sourceTree = "<group>"; };
		B35017872000A279007DADEA /* GoogleService-Info.plist */ = {isa = PBXFileReference; fileEncoding = 4; lastKnownFileType = text.plist.xml; path = "GoogleService-Info.plist"; sourceTree = "<group>"; };
		B388C3F720073C4700B4B825 /* FeedVC.swift */ = {isa = PBXFileReference; lastKnownFileType = sourcecode.swift; path = FeedVC.swift; sourceTree = "<group>"; };
		B390473E20087C170026316F /* CircleView.swift */ = {isa = PBXFileReference; lastKnownFileType = sourcecode.swift; path = CircleView.swift; sourceTree = "<group>"; };
		B3904740200888700026316F /* PostCell.swift */ = {isa = PBXFileReference; lastKnownFileType = sourcecode.swift; path = PostCell.swift; sourceTree = "<group>"; };
		B3DD14FC2002BF4E00989E16 /* CustomView.swift */ = {isa = PBXFileReference; lastKnownFileType = sourcecode.swift; path = CustomView.swift; sourceTree = "<group>"; };
		B3DD14FF2002BFF400989E16 /* Constants.swift */ = {isa = PBXFileReference; lastKnownFileType = sourcecode.swift; path = Constants.swift; sourceTree = "<group>"; };
		B3DD15012002C28D00989E16 /* RoundBtn.swift */ = {isa = PBXFileReference; lastKnownFileType = sourcecode.swift; path = RoundBtn.swift; sourceTree = "<group>"; };
		B3DD15032002C44000989E16 /* CustomText.swift */ = {isa = PBXFileReference; lastKnownFileType = sourcecode.swift; path = CustomText.swift; sourceTree = "<group>"; };
		B3DD15052002C54700989E16 /* CustomBtn.swift */ = {isa = PBXFileReference; lastKnownFileType = sourcecode.swift; path = CustomBtn.swift; sourceTree = "<group>"; };
		E4D20516ABB35065640DD4F9 /* Pods_RK_Social.framework */ = {isa = PBXFileReference; explicitFileType = wrapper.framework; includeInIndex = 0; path = Pods_RK_Social.framework; sourceTree = BUILT_PRODUCTS_DIR; };
/* End PBXFileReference section */

/* Begin PBXFrameworksBuildPhase section */
		B350176C2000A1E1007DADEA /* Frameworks */ = {
			isa = PBXFrameworksBuildPhase;
			buildActionMask = 2147483647;
			files = (
				E6995A7F307FFD69868809DE /* Pods_RK_Social.framework in Frameworks */,
			);
			runOnlyForDeploymentPostprocessing = 0;
		};
/* End PBXFrameworksBuildPhase section */

/* Begin PBXGroup section */
		0CDA9867AFB50168963D8E74 /* Frameworks */ = {
			isa = PBXGroup;
			children = (
				E4D20516ABB35065640DD4F9 /* Pods_RK_Social.framework */,
			);
			name = Frameworks;
			sourceTree = "<group>";
		};
		B346ECC6200979BA007636AA /* Services */ = {
			isa = PBXGroup;
			children = (
				B346ECC7200979D7007636AA /* DataService.swift */,
			);
			path = Services;
			sourceTree = "<group>";
		};
		B35017662000A1E1007DADEA = {
			isa = PBXGroup;
			children = (
				B35017712000A1E1007DADEA /* RK Social */,
				B35017702000A1E1007DADEA /* Products */,
				C32AA03A1CD43DE18BE13F7B /* Pods */,
				0CDA9867AFB50168963D8E74 /* Frameworks */,
			);
			sourceTree = "<group>";
		};
		B35017702000A1E1007DADEA /* Products */ = {
			isa = PBXGroup;
			children = (
				B350176F2000A1E1007DADEA /* RK Social.app */,
			);
			name = Products;
			sourceTree = "<group>";
		};
		B35017712000A1E1007DADEA /* RK Social */ = {
			isa = PBXGroup;
			children = (
				B346ECC6200979BA007636AA /* Services */,
				B3DD14FE2002BFE600989E16 /* Util */,
				B35017862000A233007DADEA /* Controller */,
				B35017852000A22E007DADEA /* View */,
				B35017842000A222007DADEA /* Model */,
				B35017722000A1E1007DADEA /* AppDelegate.swift */,
				B35017872000A279007DADEA /* GoogleService-Info.plist */,
				B35017762000A1E1007DADEA /* Main.storyboard */,
				B35017792000A1E1007DADEA /* Assets.xcassets */,
				B350177B2000A1E1007DADEA /* LaunchScreen.storyboard */,
				B350177E2000A1E1007DADEA /* Info.plist */,
			);
			path = "RK Social";
			sourceTree = "<group>";
		};
		B35017842000A222007DADEA /* Model */ = {
			isa = PBXGroup;
			children = (
			);
			path = Model;
			sourceTree = "<group>";
		};
		B35017852000A22E007DADEA /* View */ = {
			isa = PBXGroup;
			children = (
				B3DD14FC2002BF4E00989E16 /* CustomView.swift */,
				B3DD15012002C28D00989E16 /* RoundBtn.swift */,
				B3DD15032002C44000989E16 /* CustomText.swift */,
				B3DD15052002C54700989E16 /* CustomBtn.swift */,
				B390473E20087C170026316F /* CircleView.swift */,
				B3904740200888700026316F /* PostCell.swift */,
			);
			path = View;
			sourceTree = "<group>";
		};
		B35017862000A233007DADEA /* Controller */ = {
			isa = PBXGroup;
			children = (
				B388C3F720073C4700B4B825 /* FeedVC.swift */,
				B35017742000A1E1007DADEA /* SignInVC.swift */,
			);
			path = Controller;
			sourceTree = "<group>";
		};
		B3DD14FE2002BFE600989E16 /* Util */ = {
			isa = PBXGroup;
			children = (
				B3DD14FF2002BFF400989E16 /* Constants.swift */,
			);
			path = Util;
			sourceTree = "<group>";
		};
		C32AA03A1CD43DE18BE13F7B /* Pods */ = {
			isa = PBXGroup;
			children = (
				976273098852E8D6760D73E9 /* Pods-RK Social.debug.xcconfig */,
				0D8F9AF994C0ADB09B8DE617 /* Pods-RK Social.release.xcconfig */,
			);
			name = Pods;
			sourceTree = "<group>";
		};
/* End PBXGroup section */

/* Begin PBXNativeTarget section */
		B350176E2000A1E1007DADEA /* RK Social */ = {
			isa = PBXNativeTarget;
			buildConfigurationList = B35017812000A1E1007DADEA /* Build configuration list for PBXNativeTarget "RK Social" */;
			buildPhases = (
				B72A0C4DDCBC43809385E5FE /* [CP] Check Pods Manifest.lock */,
				B350176B2000A1E1007DADEA /* Sources */,
				B350176C2000A1E1007DADEA /* Frameworks */,
				B350176D2000A1E1007DADEA /* Resources */,
				6B22D956529F7E6F906C3822 /* [CP] Embed Pods Frameworks */,
				2918341978C73A388A326C7D /* [CP] Copy Pods Resources */,
			);
			buildRules = (
			);
			dependencies = (
			);
			name = "RK Social";
			productName = "RK Social";
			productReference = B350176F2000A1E1007DADEA /* RK Social.app */;
			productType = "com.apple.product-type.application";
		};
/* End PBXNativeTarget section */

/* Begin PBXProject section */
		B35017672000A1E1007DADEA /* Project object */ = {
			isa = PBXProject;
			attributes = {
				LastSwiftUpdateCheck = 0920;
				LastUpgradeCheck = 0920;
				ORGANIZATIONNAME = "Rex Kung";
				TargetAttributes = {
					B350176E2000A1E1007DADEA = {
						CreatedOnToolsVersion = 9.2;
						ProvisioningStyle = Automatic;
					};
				};
			};
			buildConfigurationList = B350176A2000A1E1007DADEA /* Build configuration list for PBXProject "RK Social" */;
			compatibilityVersion = "Xcode 8.0";
			developmentRegion = en;
			hasScannedForEncodings = 0;
			knownRegions = (
				en,
				Base,
			);
			mainGroup = B35017662000A1E1007DADEA;
			productRefGroup = B35017702000A1E1007DADEA /* Products */;
			projectDirPath = "";
			projectRoot = "";
			targets = (
				B350176E2000A1E1007DADEA /* RK Social */,
			);
		};
/* End PBXProject section */

/* Begin PBXResourcesBuildPhase section */
		B350176D2000A1E1007DADEA /* Resources */ = {
			isa = PBXResourcesBuildPhase;
			buildActionMask = 2147483647;
			files = (
				B350177D2000A1E1007DADEA /* LaunchScreen.storyboard in Resources */,
				B35017882000A279007DADEA /* GoogleService-Info.plist in Resources */,
				B350177A2000A1E1007DADEA /* Assets.xcassets in Resources */,
				B35017782000A1E1007DADEA /* Main.storyboard in Resources */,
			);
			runOnlyForDeploymentPostprocessing = 0;
		};
/* End PBXResourcesBuildPhase section */

/* Begin PBXShellScriptBuildPhase section */
		2918341978C73A388A326C7D /* [CP] Copy Pods Resources */ = {
			isa = PBXShellScriptBuildPhase;
			buildActionMask = 2147483647;
			files = (
			);
			inputPaths = (
			);
			name = "[CP] Copy Pods Resources";
			outputPaths = (
			);
			runOnlyForDeploymentPostprocessing = 0;
			shellPath = /bin/sh;
			shellScript = "\"${SRCROOT}/Pods/Target Support Files/Pods-RK Social/Pods-RK Social-resources.sh\"\n";
			showEnvVarsInLog = 0;
		};
		6B22D956529F7E6F906C3822 /* [CP] Embed Pods Frameworks */ = {
			isa = PBXShellScriptBuildPhase;
			buildActionMask = 2147483647;
			files = (
			);
			inputPaths = (
				"${SRCROOT}/Pods/Target Support Files/Pods-RK Social/Pods-RK Social-frameworks.sh",
				"${BUILT_PRODUCTS_DIR}/Bolts/Bolts.framework",
				"${BUILT_PRODUCTS_DIR}/FBSDKCoreKit/FBSDKCoreKit.framework",
				"${BUILT_PRODUCTS_DIR}/FBSDKLoginKit/FBSDKLoginKit.framework",
				"${BUILT_PRODUCTS_DIR}/FacebookCore/FacebookCore.framework",
				"${BUILT_PRODUCTS_DIR}/FacebookLogin/FacebookLogin.framework",
				"${BUILT_PRODUCTS_DIR}/GTMSessionFetcher/GTMSessionFetcher.framework",
				"${BUILT_PRODUCTS_DIR}/GoogleToolboxForMac/GoogleToolboxForMac.framework",
				"${BUILT_PRODUCTS_DIR}/SwiftKeychainWrapper/SwiftKeychainWrapper.framework",
				"${BUILT_PRODUCTS_DIR}/leveldb-library/leveldb.framework",
				"${BUILT_PRODUCTS_DIR}/nanopb/nanopb.framework",
			);
			name = "[CP] Embed Pods Frameworks";
			outputPaths = (
				"${TARGET_BUILD_DIR}/${FRAMEWORKS_FOLDER_PATH}/Bolts.framework",
				"${TARGET_BUILD_DIR}/${FRAMEWORKS_FOLDER_PATH}/FBSDKCoreKit.framework",
				"${TARGET_BUILD_DIR}/${FRAMEWORKS_FOLDER_PATH}/FBSDKLoginKit.framework",
				"${TARGET_BUILD_DIR}/${FRAMEWORKS_FOLDER_PATH}/FacebookCore.framework",
				"${TARGET_BUILD_DIR}/${FRAMEWORKS_FOLDER_PATH}/FacebookLogin.framework",
				"${TARGET_BUILD_DIR}/${FRAMEWORKS_FOLDER_PATH}/GTMSessionFetcher.framework",
				"${TARGET_BUILD_DIR}/${FRAMEWORKS_FOLDER_PATH}/GoogleToolboxForMac.framework",
				"${TARGET_BUILD_DIR}/${FRAMEWORKS_FOLDER_PATH}/SwiftKeychainWrapper.framework",
				"${TARGET_BUILD_DIR}/${FRAMEWORKS_FOLDER_PATH}/leveldb.framework",
				"${TARGET_BUILD_DIR}/${FRAMEWORKS_FOLDER_PATH}/nanopb.framework",
			);
			runOnlyForDeploymentPostprocessing = 0;
			shellPath = /bin/sh;
			shellScript = "\"${SRCROOT}/Pods/Target Support Files/Pods-RK Social/Pods-RK Social-frameworks.sh\"\n";
			showEnvVarsInLog = 0;
		};
		B72A0C4DDCBC43809385E5FE /* [CP] Check Pods Manifest.lock */ = {
			isa = PBXShellScriptBuildPhase;
			buildActionMask = 2147483647;
			files = (
			);
			inputPaths = (
				"${PODS_PODFILE_DIR_PATH}/Podfile.lock",
				"${PODS_ROOT}/Manifest.lock",
			);
			name = "[CP] Check Pods Manifest.lock";
			outputPaths = (
				"$(DERIVED_FILE_DIR)/Pods-RK Social-checkManifestLockResult.txt",
			);
			runOnlyForDeploymentPostprocessing = 0;
			shellPath = /bin/sh;
			shellScript = "diff \"${PODS_PODFILE_DIR_PATH}/Podfile.lock\" \"${PODS_ROOT}/Manifest.lock\" > /dev/null\nif [ $? != 0 ] ; then\n    # print error to STDERR\n    echo \"error: The sandbox is not in sync with the Podfile.lock. Run 'pod install' or update your CocoaPods installation.\" >&2\n    exit 1\nfi\n# This output is used by Xcode 'outputs' to avoid re-running this script phase.\necho \"SUCCESS\" > \"${SCRIPT_OUTPUT_FILE_0}\"\n";
			showEnvVarsInLog = 0;
		};
/* End PBXShellScriptBuildPhase section */

/* Begin PBXSourcesBuildPhase section */
		B350176B2000A1E1007DADEA /* Sources */ = {
			isa = PBXSourcesBuildPhase;
			buildActionMask = 2147483647;
			files = (
				B390473F20087C170026316F /* CircleView.swift in Sources */,
				B3DD14FD2002BF4E00989E16 /* CustomView.swift in Sources */,
				B3DD15022002C28D00989E16 /* RoundBtn.swift in Sources */,
				B35017752000A1E1007DADEA /* SignInVC.swift in Sources */,
				B3DD15062002C54700989E16 /* CustomBtn.swift in Sources */,
				B346ECC8200979D7007636AA /* DataService.swift in Sources */,
				B388C3F820073C4700B4B825 /* FeedVC.swift in Sources */,
				B35017732000A1E1007DADEA /* AppDelegate.swift in Sources */,
				B3DD15002002BFF400989E16 /* Constants.swift in Sources */,
				B3DD15042002C44000989E16 /* CustomText.swift in Sources */,
				B3904741200888700026316F /* PostCell.swift in Sources */,
			);
			runOnlyForDeploymentPostprocessing = 0;
		};
/* End PBXSourcesBuildPhase section */

/* Begin PBXVariantGroup section */
		B35017762000A1E1007DADEA /* Main.storyboard */ = {
			isa = PBXVariantGroup;
			children = (
				B35017772000A1E1007DADEA /* Base */,
			);
			name = Main.storyboard;
			sourceTree = "<group>";
		};
		B350177B2000A1E1007DADEA /* LaunchScreen.storyboard */ = {
			isa = PBXVariantGroup;
			children = (
				B350177C2000A1E1007DADEA /* Base */,
			);
			name = LaunchScreen.storyboard;
			sourceTree = "<group>";
		};
/* End PBXVariantGroup section */

/* Begin XCBuildConfiguration section */
		B350177F2000A1E1007DADEA /* Debug */ = {
			isa = XCBuildConfiguration;
			buildSettings = {
				ALWAYS_SEARCH_USER_PATHS = NO;
				CLANG_ANALYZER_NONNULL = YES;
				CLANG_ANALYZER_NUMBER_OBJECT_CONVERSION = YES_AGGRESSIVE;
				CLANG_CXX_LANGUAGE_STANDARD = "gnu++14";
				CLANG_CXX_LIBRARY = "libc++";
				CLANG_ENABLE_MODULES = YES;
				CLANG_ENABLE_OBJC_ARC = YES;
				CLANG_WARN_BLOCK_CAPTURE_AUTORELEASING = YES;
				CLANG_WARN_BOOL_CONVERSION = YES;
				CLANG_WARN_COMMA = YES;
				CLANG_WARN_CONSTANT_CONVERSION = YES;
				CLANG_WARN_DIRECT_OBJC_ISA_USAGE = YES_ERROR;
				CLANG_WARN_DOCUMENTATION_COMMENTS = YES;
				CLANG_WARN_EMPTY_BODY = YES;
				CLANG_WARN_ENUM_CONVERSION = YES;
				CLANG_WARN_INFINITE_RECURSION = YES;
				CLANG_WARN_INT_CONVERSION = YES;
				CLANG_WARN_NON_LITERAL_NULL_CONVERSION = YES;
				CLANG_WARN_OBJC_LITERAL_CONVERSION = YES;
				CLANG_WARN_OBJC_ROOT_CLASS = YES_ERROR;
				CLANG_WARN_RANGE_LOOP_ANALYSIS = YES;
				CLANG_WARN_STRICT_PROTOTYPES = YES;
				CLANG_WARN_SUSPICIOUS_MOVE = YES;
				CLANG_WARN_UNGUARDED_AVAILABILITY = YES_AGGRESSIVE;
				CLANG_WARN_UNREACHABLE_CODE = YES;
				CLANG_WARN__DUPLICATE_METHOD_MATCH = YES;
				CODE_SIGN_IDENTITY = "iPhone Developer";
				COPY_PHASE_STRIP = NO;
				DEBUG_INFORMATION_FORMAT = dwarf;
				ENABLE_STRICT_OBJC_MSGSEND = YES;
				ENABLE_TESTABILITY = YES;
				GCC_C_LANGUAGE_STANDARD = gnu11;
				GCC_DYNAMIC_NO_PIC = NO;
				GCC_NO_COMMON_BLOCKS = YES;
				GCC_OPTIMIZATION_LEVEL = 0;
				GCC_PREPROCESSOR_DEFINITIONS = (
					"DEBUG=1",
					"$(inherited)",
				);
				GCC_WARN_64_TO_32_BIT_CONVERSION = YES;
				GCC_WARN_ABOUT_RETURN_TYPE = YES_ERROR;
				GCC_WARN_UNDECLARED_SELECTOR = YES;
				GCC_WARN_UNINITIALIZED_AUTOS = YES_AGGRESSIVE;
				GCC_WARN_UNUSED_FUNCTION = YES;
				GCC_WARN_UNUSED_VARIABLE = YES;
				IPHONEOS_DEPLOYMENT_TARGET = 11.2;
				MTL_ENABLE_DEBUG_INFO = YES;
				ONLY_ACTIVE_ARCH = YES;
				SDKROOT = iphoneos;
				SWIFT_ACTIVE_COMPILATION_CONDITIONS = DEBUG;
				SWIFT_OPTIMIZATION_LEVEL = "-Onone";
			};
			name = Debug;
		};
		B35017802000A1E1007DADEA /* Release */ = {
			isa = XCBuildConfiguration;
			buildSettings = {
				ALWAYS_SEARCH_USER_PATHS = NO;
				CLANG_ANALYZER_NONNULL = YES;
				CLANG_ANALYZER_NUMBER_OBJECT_CONVERSION = YES_AGGRESSIVE;
				CLANG_CXX_LANGUAGE_STANDARD = "gnu++14";
				CLANG_CXX_LIBRARY = "libc++";
				CLANG_ENABLE_MODULES = YES;
				CLANG_ENABLE_OBJC_ARC = YES;
				CLANG_WARN_BLOCK_CAPTURE_AUTORELEASING = YES;
				CLANG_WARN_BOOL_CONVERSION = YES;
				CLANG_WARN_COMMA = YES;
				CLANG_WARN_CONSTANT_CONVERSION = YES;
				CLANG_WARN_DIRECT_OBJC_ISA_USAGE = YES_ERROR;
				CLANG_WARN_DOCUMENTATION_COMMENTS = YES;
				CLANG_WARN_EMPTY_BODY = YES;
				CLANG_WARN_ENUM_CONVERSION = YES;
				CLANG_WARN_INFINITE_RECURSION = YES;
				CLANG_WARN_INT_CONVERSION = YES;
				CLANG_WARN_NON_LITERAL_NULL_CONVERSION = YES;
				CLANG_WARN_OBJC_LITERAL_CONVERSION = YES;
				CLANG_WARN_OBJC_ROOT_CLASS = YES_ERROR;
				CLANG_WARN_RANGE_LOOP_ANALYSIS = YES;
				CLANG_WARN_STRICT_PROTOTYPES = YES;
				CLANG_WARN_SUSPICIOUS_MOVE = YES;
				CLANG_WARN_UNGUARDED_AVAILABILITY = YES_AGGRESSIVE;
				CLANG_WARN_UNREACHABLE_CODE = YES;
				CLANG_WARN__DUPLICATE_METHOD_MATCH = YES;
				CODE_SIGN_IDENTITY = "iPhone Developer";
				COPY_PHASE_STRIP = NO;
				DEBUG_INFORMATION_FORMAT = "dwarf-with-dsym";
				ENABLE_NS_ASSERTIONS = NO;
				ENABLE_STRICT_OBJC_MSGSEND = YES;
				GCC_C_LANGUAGE_STANDARD = gnu11;
				GCC_NO_COMMON_BLOCKS = YES;
				GCC_WARN_64_TO_32_BIT_CONVERSION = YES;
				GCC_WARN_ABOUT_RETURN_TYPE = YES_ERROR;
				GCC_WARN_UNDECLARED_SELECTOR = YES;
				GCC_WARN_UNINITIALIZED_AUTOS = YES_AGGRESSIVE;
				GCC_WARN_UNUSED_FUNCTION = YES;
				GCC_WARN_UNUSED_VARIABLE = YES;
				IPHONEOS_DEPLOYMENT_TARGET = 11.2;
				MTL_ENABLE_DEBUG_INFO = NO;
				SDKROOT = iphoneos;
				SWIFT_OPTIMIZATION_LEVEL = "-Owholemodule";
				VALIDATE_PRODUCT = YES;
			};
			name = Release;
		};
		B35017822000A1E1007DADEA /* Debug */ = {
			isa = XCBuildConfiguration;
			baseConfigurationReference = 976273098852E8D6760D73E9 /* Pods-RK Social.debug.xcconfig */;
			buildSettings = {
				ASSETCATALOG_COMPILER_APPICON_NAME = AppIcon;
				CODE_SIGN_STYLE = Automatic;
				DEVELOPMENT_TEAM = JNPTHKY7KY;
				FRAMEWORK_SEARCH_PATHS = (
					"$(inherited)",
					"$(PROJECT_DIR)/RK\\ Social/FacebookSDK",
					"$(PROJECT_DIR)/RK\\ Social/FacebookSDK",
					"$(PROJECT_DIR)/RK\\ Social/FacebookSDK",
				);
				INFOPLIST_FILE = "RK Social/Info.plist";
				LD_RUNPATH_SEARCH_PATHS = "$(inherited) @executable_path/Frameworks";
				PRODUCT_BUNDLE_IDENTIFIER = "com.rkdev.RK-Social";
				PRODUCT_NAME = "$(TARGET_NAME)";
				SWIFT_VERSION = 4.0;
				TARGETED_DEVICE_FAMILY = "1,2";
			};
			name = Debug;
		};
		B35017832000A1E1007DADEA /* Release */ = {
			isa = XCBuildConfiguration;
			baseConfigurationReference = 0D8F9AF994C0ADB09B8DE617 /* Pods-RK Social.release.xcconfig */;
			buildSettings = {
				ASSETCATALOG_COMPILER_APPICON_NAME = AppIcon;
				CODE_SIGN_STYLE = Automatic;
				DEVELOPMENT_TEAM = JNPTHKY7KY;
				FRAMEWORK_SEARCH_PATHS = (
					"$(inherited)",
					"$(PROJECT_DIR)/RK\\ Social/FacebookSDK",
					"$(PROJECT_DIR)/RK\\ Social/FacebookSDK",
					"$(PROJECT_DIR)/RK\\ Social/FacebookSDK",
				);
				INFOPLIST_FILE = "RK Social/Info.plist";
				LD_RUNPATH_SEARCH_PATHS = "$(inherited) @executable_path/Frameworks";
				PRODUCT_BUNDLE_IDENTIFIER = "com.rkdev.RK-Social";
				PRODUCT_NAME = "$(TARGET_NAME)";
				SWIFT_VERSION = 4.0;
				TARGETED_DEVICE_FAMILY = "1,2";
			};
			name = Release;
		};
/* End XCBuildConfiguration section */

/* Begin XCConfigurationList section */
		B350176A2000A1E1007DADEA /* Build configuration list for PBXProject "RK Social" */ = {
			isa = XCConfigurationList;
			buildConfigurations = (
				B350177F2000A1E1007DADEA /* Debug */,
				B35017802000A1E1007DADEA /* Release */,
			);
			defaultConfigurationIsVisible = 0;
			defaultConfigurationName = Release;
		};
		B35017812000A1E1007DADEA /* Build configuration list for PBXNativeTarget "RK Social" */ = {
			isa = XCConfigurationList;
			buildConfigurations = (
				B35017822000A1E1007DADEA /* Debug */,
				B35017832000A1E1007DADEA /* Release */,
			);
			defaultConfigurationIsVisible = 0;
			defaultConfigurationName = Release;
		};
/* End XCConfigurationList section */
	};
	rootObject = B35017672000A1E1007DADEA /* Project object */;
}
